
Microsoft Visual Studio Solution File, Format Version 12.00
# Visual Studio Version 17
VisualStudioVersion = 17.0.31903.59
MinimumVisualStudioVersion = 10.0.40219.1
Project("{FAE04EC0-301F-11D3-BF4B-00C04F79EFBC}") = "SimulatorConsole", "SimulatorConsole\SimulatorConsole.csproj", "{0CF9EDA6-91D7-4928-8B8D-317CE49CF67B}"
EndProject
Project("{FAE04EC0-301F-11D3-BF4B-00C04F79EFBC}") = "SimulatorLogic", "SimulatorLogic\SimulatorLogic.csproj", "{2FD5EC7D-E1D6-4A9B-BAE1-D3B5E93169E0}"
EndProject
Project("{FAE04EC0-301F-11D3-BF4B-00C04F79EFBC}") = "SimulatorTests", "SimulatorTests\SimulatorTests.csproj", "{87E8A019-3031-4235-AC4D-E1E35EC19F92}"
EndProject
Global
	GlobalSection(SolutionConfigurationPlatforms) = preSolution
		Debug|Any CPU = Debug|Any CPU
		Debug|x64 = Debug|x64
		Debug|x86 = Debug|x86
		Release|Any CPU = Release|Any CPU
		Release|x64 = Release|x64
		Release|x86 = Release|x86
	EndGlobalSection
	GlobalSection(ProjectConfigurationPlatforms) = postSolution
		{0CF9EDA6-91D7-4928-8B8D-317CE49CF67B}.Debug|Any CPU.ActiveCfg = Debug|Any CPU
		{0CF9EDA6-91D7-4928-8B8D-317CE49CF67B}.Debug|Any CPU.Build.0 = Debug|Any CPU
		{0CF9EDA6-91D7-4928-8B8D-317CE49CF67B}.Debug|x64.ActiveCfg = Debug|Any CPU
		{0CF9EDA6-91D7-4928-8B8D-317CE49CF67B}.Debug|x64.Build.0 = Debug|Any CPU
		{0CF9EDA6-91D7-4928-8B8D-317CE49CF67B}.Debug|x86.ActiveCfg = Debug|Any CPU
		{0CF9EDA6-91D7-4928-8B8D-317CE49CF67B}.Debug|x86.Build.0 = Debug|Any CPU
		{0CF9EDA6-91D7-4928-8B8D-317CE49CF67B}.Release|Any CPU.ActiveCfg = Release|Any CPU
		{0CF9EDA6-91D7-4928-8B8D-317CE49CF67B}.Release|Any CPU.Build.0 = Release|Any CPU
		{0CF9EDA6-91D7-4928-8B8D-317CE49CF67B}.Release|x64.ActiveCfg = Release|Any CPU
		{0CF9EDA6-91D7-4928-8B8D-317CE49CF67B}.Release|x64.Build.0 = Release|Any CPU
		{0CF9EDA6-91D7-4928-8B8D-317CE49CF67B}.Release|x86.ActiveCfg = Release|Any CPU
		{0CF9EDA6-91D7-4928-8B8D-317CE49CF67B}.Release|x86.Build.0 = Release|Any CPU
		{2FD5EC7D-E1D6-4A9B-BAE1-D3B5E93169E0}.Debug|Any CPU.ActiveCfg = Debug|Any CPU
		{2FD5EC7D-E1D6-4A9B-BAE1-D3B5E93169E0}.Debug|Any CPU.Build.0 = Debug|Any CPU
		{2FD5EC7D-E1D6-4A9B-BAE1-D3B5E93169E0}.Debug|x64.ActiveCfg = Debug|Any CPU
		{2FD5EC7D-E1D6-4A9B-BAE1-D3B5E93169E0}.Debug|x64.Build.0 = Debug|Any CPU
		{2FD5EC7D-E1D6-4A9B-BAE1-D3B5E93169E0}.Debug|x86.ActiveCfg = Debug|Any CPU
		{2FD5EC7D-E1D6-4A9B-BAE1-D3B5E93169E0}.Debug|x86.Build.0 = Debug|Any CPU
		{2FD5EC7D-E1D6-4A9B-BAE1-D3B5E93169E0}.Release|Any CPU.ActiveCfg = Release|Any CPU
		{2FD5EC7D-E1D6-4A9B-BAE1-D3B5E93169E0}.Release|Any CPU.Build.0 = Release|Any CPU
		{2FD5EC7D-E1D6-4A9B-BAE1-D3B5E93169E0}.Release|x64.ActiveCfg = Release|Any CPU
		{2FD5EC7D-E1D6-4A9B-BAE1-D3B5E93169E0}.Release|x64.Build.0 = Release|Any CPU
		{2FD5EC7D-E1D6-4A9B-BAE1-D3B5E93169E0}.Release|x86.ActiveCfg = Release|Any CPU
		{2FD5EC7D-E1D6-4A9B-BAE1-D3B5E93169E0}.Release|x86.Build.0 = Release|Any CPU
		{87E8A019-3031-4235-AC4D-E1E35EC19F92}.Debug|Any CPU.ActiveCfg = Debug|Any CPU
		{87E8A019-3031-4235-AC4D-E1E35EC19F92}.Debug|Any CPU.Build.0 = Debug|Any CPU
		{87E8A019-3031-4235-AC4D-E1E35EC19F92}.Debug|x64.ActiveCfg = Debug|Any CPU
		{87E8A019-3031-4235-AC4D-E1E35EC19F92}.Debug|x64.Build.0 = Debug|Any CPU
		{87E8A019-3031-4235-AC4D-E1E35EC19F92}.Debug|x86.ActiveCfg = Debug|Any CPU
		{87E8A019-3031-4235-AC4D-E1E35EC19F92}.Debug|x86.Build.0 = Debug|Any CPU
		{87E8A019-3031-4235-AC4D-E1E35EC19F92}.Release|Any CPU.ActiveCfg = Release|Any CPU
		{87E8A019-3031-4235-AC4D-E1E35EC19F92}.Release|Any CPU.Build.0 = Release|Any CPU
		{87E8A019-3031-4235-AC4D-E1E35EC19F92}.Release|x64.ActiveCfg = Release|Any CPU
		{87E8A019-3031-4235-AC4D-E1E35EC19F92}.Release|x64.Build.0 = Release|Any CPU
		{87E8A019-3031-4235-AC4D-E1E35EC19F92}.Release|x86.ActiveCfg = Release|Any CPU
		{87E8A019-3031-4235-AC4D-E1E35EC19F92}.Release|x86.Build.0 = Release|Any CPU
	EndGlobalSection
	GlobalSection(SolutionProperties) = preSolution
		HideSolutionNode = FALSE
	EndGlobalSection
EndGlobal
